
Microsoft Visual Studio Solution File, Format Version 12.00
# Visual Studio Version 17
VisualStudioVersion = 17.5.33530.505
MinimumVisualStudioVersion = 10.0.40219.1
Project("{FAE04EC0-301F-11D3-BF4B-00C04F79EFBC}") = "writing_tools", "writing_tools\writing_tools.csproj", "{16620A8F-2362-41BA-96A2-D9EEDFF87CBF}"
EndProject
Global
	GlobalSection(SolutionConfigurationPlatforms) = preSolution
		Debug|Any CPU = Debug|Any CPU
		Release|Any CPU = Release|Any CPU
	EndGlobalSection
	GlobalSection(ProjectConfigurationPlatforms) = postSolution
		{16620A8F-2362-41BA-96A2-D9EEDFF87CBF}.Debug|Any CPU.ActiveCfg = Debug|Any CPU
		{16620A8F-2362-41BA-96A2-D9EEDFF87CBF}.Debug|Any CPU.Build.0 = Debug|Any CPU
		{16620A8F-2362-41BA-96A2-D9EEDFF87CBF}.Release|Any CPU.ActiveCfg = Release|Any CPU
		{16620A8F-2362-41BA-96A2-D9EEDFF87CBF}.Release|Any CPU.Build.0 = Release|Any CPU
	EndGlobalSection
	GlobalSection(SolutionProperties) = preSolution
		HideSolutionNode = FALSE
	EndGlobalSection
	GlobalSection(ExtensibilityGlobals) = postSolution
		SolutionGuid = {0EA65C41-A57F-4DDA-BAB3-0C9F5EC43F48}
	EndGlobalSection
EndGlobal
